{
  "name": "Main",
  "lockfileVersion": 2,
  "requires": true,
  "packages": {
    "": {
      "dependencies": {
        "@fancyapps/ui": "^5.0.20",
        "@splidejs/splide": "^2.4.21",
        "bootstrap": "^5.0.2",
        "lightbox2": "^2.11.4"
      }
    },
    "node_modules/@fancyapps/ui": {
      "version": "5.0.20",
      "resolved": "https://registry.npmjs.org/@fancyapps/ui/-/ui-5.0.20.tgz",
      "integrity": "sha512-g7go/W0mIplnpVCWNm6uHF6VZeDSAJnPHzx0bxyETfzyYqtwpv0LpNYP8TbWqFELvXdXwNkQwHvHxkI9FvGlqQ=="
    },
    "node_modules/@popperjs/core": {
      "version": "2.9.2",
      "resolved": "https://registry.npmjs.org/@popperjs/core/-/core-2.9.2.tgz",
      "integrity": "sha512-VZMYa7+fXHdwIq1TDhSXoVmSPEGM/aa+6Aiq3nVVJ9bXr24zScr+NlKFKC3iPljA7ho/GAZr+d2jOf5GIRC30Q==",
      "peer": true,
      "funding": {
        "type": "opencollective",
        "url": "https://opencollective.com/popperjs"
      }
    },
    "node_modules/@splidejs/splide": {
      "version": "2.4.21",
      "resolved": "https://registry.npmjs.org/@splidejs/splide/-/splide-2.4.21.tgz",
      "integrity": "sha512-LdIwSnmNsGybCCnA3QG2dOeRv/rQl46jf7FflXxMGX0ADYWyL6UJHWJbMZvHBi5I67uRJY1ga/W+CvJ39nH26A=="
    },
    "node_modules/bootstrap": {
      "version": "5.0.2",
      "resolved": "https://registry.npmjs.org/bootstrap/-/bootstrap-5.0.2.tgz",
      "integrity": "sha512-1Ge963tyEQWJJ+8qtXFU6wgmAVj9gweEjibUdbmcCEYsn38tVwRk8107rk2vzt6cfQcRr3SlZ8aQBqaD8aqf+Q==",
      "funding": {
        "type": "opencollective",
        "url": "https://opencollective.com/bootstrap"
      },
      "peerDependencies": {
        "@popperjs/core": "^2.9.2"
      }
    },
    "node_modules/lightbox2": {
      "version": "2.11.4",
      "resolved": "https://registry.npmjs.org/lightbox2/-/lightbox2-2.11.4.tgz",
      "integrity": "sha512-Fof7RJFWV3Fe4CWTjpto30h04Led97nRStFNLaUD/VrlEs72r7LF9WMndENYvU2e4o8WboSuy+dmetXSKSnQ2Q=="
    }
  },
  "dependencies": {
    "@fancyapps/ui": {
      "version": "5.0.20",
      "resolved": "https://registry.npmjs.org/@fancyapps/ui/-/ui-5.0.20.tgz",
      "integrity": "sha512-g7go/W0mIplnpVCWNm6uHF6VZeDSAJnPHzx0bxyETfzyYqtwpv0LpNYP8TbWqFELvXdXwNkQwHvHxkI9FvGlqQ=="
    },
    "@popperjs/core": {
      "version": "2.9.2",
      "resolved": "https://registry.npmjs.org/@popperjs/core/-/core-2.9.2.tgz",
      "integrity": "sha512-VZMYa7+fXHdwIq1TDhSXoVmSPEGM/aa+6Aiq3nVVJ9bXr24zScr+NlKFKC3iPljA7ho/GAZr+d2jOf5GIRC30Q==",
      "peer": true
    },
    "@splidejs/splide": {
      "version": "2.4.21",
      "resolved": "https://registry.npmjs.org/@splidejs/splide/-/splide-2.4.21.tgz",
      "integrity": "sha512-LdIwSnmNsGybCCnA3QG2dOeRv/rQl46jf7FflXxMGX0ADYWyL6UJHWJbMZvHBi5I67uRJY1ga/W+CvJ39nH26A=="
    },
    "bootstrap": {
      "version": "5.0.2",
      "resolved": "https://registry.npmjs.org/bootstrap/-/bootstrap-5.0.2.tgz",
      "integrity": "sha512-1Ge963tyEQWJJ+8qtXFU6wgmAVj9gweEjibUdbmcCEYsn38tVwRk8107rk2vzt6cfQcRr3SlZ8aQBqaD8aqf+Q==",
      "requires": {}
    },
    "lightbox2": {
      "version": "2.11.4",
      "resolved": "https://registry.npmjs.org/lightbox2/-/lightbox2-2.11.4.tgz",
      "integrity": "sha512-Fof7RJFWV3Fe4CWTjpto30h04Led97nRStFNLaUD/VrlEs72r7LF9WMndENYvU2e4o8WboSuy+dmetXSKSnQ2Q=="
    }
  }
}
